
Microsoft Visual Studio Solution File, Format Version 12.00
# Visual Studio Version 17
VisualStudioVersion = 17.4.33103.184
MinimumVisualStudioVersion = 10.0.40219.1
Project("{FAE04EC0-301F-11D3-BF4B-00C04F79EFBC}") = "calc.Android", "calc\calc.Android\calc.Android.csproj", "{697CF2C1-9C9C-44B7-806F-AD9ECCF2B321}"
EndProject
Project("{FAE04EC0-301F-11D3-BF4B-00C04F79EFBC}") = "calc.iOS", "calc\calc.iOS\calc.iOS.csproj", "{7597814C-093D-48B0-AC63-379EC8F8CA08}"
EndProject
Project("{FAE04EC0-301F-11D3-BF4B-00C04F79EFBC}") = "calc", "calc\calc\calc.csproj", "{E9D093FF-211F-415C-A102-B3F44D5AD1DF}"
EndProject
Global
	GlobalSection(SolutionConfigurationPlatforms) = preSolution
		Debug|Any CPU = Debug|Any CPU
		Debug|iPhone = Debug|iPhone
		Debug|iPhoneSimulator = Debug|iPhoneSimulator
		Release|Any CPU = Release|Any CPU
		Release|iPhone = Release|iPhone
		Release|iPhoneSimulator = Release|iPhoneSimulator
	EndGlobalSection
	GlobalSection(ProjectConfigurationPlatforms) = postSolution
		{697CF2C1-9C9C-44B7-806F-AD9ECCF2B321}.Debug|Any CPU.ActiveCfg = Debug|Any CPU
		{697CF2C1-9C9C-44B7-806F-AD9ECCF2B321}.Debug|Any CPU.Build.0 = Debug|Any CPU
		{697CF2C1-9C9C-44B7-806F-AD9ECCF2B321}.Debug|Any CPU.Deploy.0 = Debug|Any CPU
		{697CF2C1-9C9C-44B7-806F-AD9ECCF2B321}.Debug|iPhone.ActiveCfg = Debug|Any CPU
		{697CF2C1-9C9C-44B7-806F-AD9ECCF2B321}.Debug|iPhone.Build.0 = Debug|Any CPU
		{697CF2C1-9C9C-44B7-806F-AD9ECCF2B321}.Debug|iPhone.Deploy.0 = Debug|Any CPU
		{697CF2C1-9C9C-44B7-806F-AD9ECCF2B321}.Debug|iPhoneSimulator.ActiveCfg = Debug|Any CPU
		{697CF2C1-9C9C-44B7-806F-AD9ECCF2B321}.Debug|iPhoneSimulator.Build.0 = Debug|Any CPU
		{697CF2C1-9C9C-44B7-806F-AD9ECCF2B321}.Debug|iPhoneSimulator.Deploy.0 = Debug|Any CPU
		{697CF2C1-9C9C-44B7-806F-AD9ECCF2B321}.Release|Any CPU.ActiveCfg = Release|Any CPU
		{697CF2C1-9C9C-44B7-806F-AD9ECCF2B321}.Release|Any CPU.Build.0 = Release|Any CPU
		{697CF2C1-9C9C-44B7-806F-AD9ECCF2B321}.Release|Any CPU.Deploy.0 = Release|Any CPU
		{697CF2C1-9C9C-44B7-806F-AD9ECCF2B321}.Release|iPhone.ActiveCfg = Release|Any CPU
		{697CF2C1-9C9C-44B7-806F-AD9ECCF2B321}.Release|iPhone.Build.0 = Release|Any CPU
		{697CF2C1-9C9C-44B7-806F-AD9ECCF2B321}.Release|iPhone.Deploy.0 = Release|Any CPU
		{697CF2C1-9C9C-44B7-806F-AD9ECCF2B321}.Release|iPhoneSimulator.ActiveCfg = Release|Any CPU
		{697CF2C1-9C9C-44B7-806F-AD9ECCF2B321}.Release|iPhoneSimulator.Build.0 = Release|Any CPU
		{697CF2C1-9C9C-44B7-806F-AD9ECCF2B321}.Release|iPhoneSimulator.Deploy.0 = Release|Any CPU
		{7597814C-093D-48B0-AC63-379EC8F8CA08}.Debug|Any CPU.ActiveCfg = Debug|iPhone
		{7597814C-093D-48B0-AC63-379EC8F8CA08}.Debug|Any CPU.Build.0 = Debug|iPhone
		{7597814C-093D-48B0-AC63-379EC8F8CA08}.Debug|Any CPU.Deploy.0 = Debug|iPhone
		{7597814C-093D-48B0-AC63-379EC8F8CA08}.Debug|iPhone.ActiveCfg = Debug|iPhone
		{7597814C-093D-48B0-AC63-379EC8F8CA08}.Debug|iPhone.Build.0 = Debug|iPhone
		{7597814C-093D-48B0-AC63-379EC8F8CA08}.Debug|iPhone.Deploy.0 = Debug|iPhone
		{7597814C-093D-48B0-AC63-379EC8F8CA08}.Debug|iPhoneSimulator.ActiveCfg = Debug|iPhoneSimulator
		{7597814C-093D-48B0-AC63-379EC8F8CA08}.Debug|iPhoneSimulator.Build.0 = Debug|iPhoneSimulator
		{7597814C-093D-48B0-AC63-379EC8F8CA08}.Debug|iPhoneSimulator.Deploy.0 = Debug|iPhoneSimulator
		{7597814C-093D-48B0-AC63-379EC8F8CA08}.Release|Any CPU.ActiveCfg = Release|iPhoneSimulator
		{7597814C-093D-48B0-AC63-379EC8F8CA08}.Release|Any CPU.Build.0 = Release|iPhoneSimulator
		{7597814C-093D-48B0-AC63-379EC8F8CA08}.Release|Any CPU.Deploy.0 = Release|iPhoneSimulator
		{7597814C-093D-48B0-AC63-379EC8F8CA08}.Release|iPhone.ActiveCfg = Release|iPhone
		{7597814C-093D-48B0-AC63-379EC8F8CA08}.Release|iPhone.Build.0 = Release|iPhone
		{7597814C-093D-48B0-AC63-379EC8F8CA08}.Release|iPhone.Deploy.0 = Release|iPhone
		{7597814C-093D-48B0-AC63-379EC8F8CA08}.Release|iPhoneSimulator.ActiveCfg = Release|iPhoneSimulator
		{7597814C-093D-48B0-AC63-379EC8F8CA08}.Release|iPhoneSimulator.Build.0 = Release|iPhoneSimulator
		{7597814C-093D-48B0-AC63-379EC8F8CA08}.Release|iPhoneSimulator.Deploy.0 = Release|iPhoneSimulator
		{E9D093FF-211F-415C-A102-B3F44D5AD1DF}.Debug|Any CPU.ActiveCfg = Debug|Any CPU
		{E9D093FF-211F-415C-A102-B3F44D5AD1DF}.Debug|Any CPU.Build.0 = Debug|Any CPU
		{E9D093FF-211F-415C-A102-B3F44D5AD1DF}.Debug|Any CPU.Deploy.0 = Debug|Any CPU
		{E9D093FF-211F-415C-A102-B3F44D5AD1DF}.Debug|iPhone.ActiveCfg = Debug|Any CPU
		{E9D093FF-211F-415C-A102-B3F44D5AD1DF}.Debug|iPhone.Build.0 = Debug|Any CPU
		{E9D093FF-211F-415C-A102-B3F44D5AD1DF}.Debug|iPhone.Deploy.0 = Debug|Any CPU
		{E9D093FF-211F-415C-A102-B3F44D5AD1DF}.Debug|iPhoneSimulator.ActiveCfg = Debug|Any CPU
		{E9D093FF-211F-415C-A102-B3F44D5AD1DF}.Debug|iPhoneSimulator.Build.0 = Debug|Any CPU
		{E9D093FF-211F-415C-A102-B3F44D5AD1DF}.Debug|iPhoneSimulator.Deploy.0 = Debug|Any CPU
		{E9D093FF-211F-415C-A102-B3F44D5AD1DF}.Release|Any CPU.ActiveCfg = Release|Any CPU
		{E9D093FF-211F-415C-A102-B3F44D5AD1DF}.Release|Any CPU.Build.0 = Release|Any CPU
		{E9D093FF-211F-415C-A102-B3F44D5AD1DF}.Release|Any CPU.Deploy.0 = Release|Any CPU
		{E9D093FF-211F-415C-A102-B3F44D5AD1DF}.Release|iPhone.ActiveCfg = Release|Any CPU
		{E9D093FF-211F-415C-A102-B3F44D5AD1DF}.Release|iPhone.Build.0 = Release|Any CPU
		{E9D093FF-211F-415C-A102-B3F44D5AD1DF}.Release|iPhone.Deploy.0 = Release|Any CPU
		{E9D093FF-211F-415C-A102-B3F44D5AD1DF}.Release|iPhoneSimulator.ActiveCfg = Release|Any CPU
		{E9D093FF-211F-415C-A102-B3F44D5AD1DF}.Release|iPhoneSimulator.Build.0 = Release|Any CPU
		{E9D093FF-211F-415C-A102-B3F44D5AD1DF}.Release|iPhoneSimulator.Deploy.0 = Release|Any CPU
	EndGlobalSection
	GlobalSection(SolutionProperties) = preSolution
		HideSolutionNode = FALSE
	EndGlobalSection
	GlobalSection(ExtensibilityGlobals) = postSolution
		SolutionGuid = {77366C62-7980-4E9D-A3C7-38402B907C70}
	EndGlobalSection
EndGlobal
